
Microsoft Visual Studio Solution File, Format Version 12.00
# Visual Studio Version 17
VisualStudioVersion = 17.7.34221.43
MinimumVisualStudioVersion = 10.0.40219.1
Project("{9A19103F-16F7-4668-BE54-9A1E7A4F7556}") = "Methods", "Methods\Methods.csproj", "{F11A27B1-4861-467B-8E9D-19B37364BE46}"
EndProject
Project("{9A19103F-16F7-4668-BE54-9A1E7A4F7556}") = "Mathematic", "Mathematic\Mathematic.csproj", "{ABA4FC01-ECF6-47BE-AA94-132829C81D55}"
EndProject
Project("{9A19103F-16F7-4668-BE54-9A1E7A4F7556}") = "ValueAndReferenceTypes", "ValueAndReferenceTypes\ValueAndReferenceTypes.csproj", "{0A618434-1AF8-44B3-9CD9-FA06E5E7A03F}"
EndProject
Project("{FAE04EC0-301F-11D3-BF4B-00C04F79EFBC}") = "OOP1", "OOP1\OOP1.csproj", "{64DF1AB7-F512-43B8-A9E7-2FF1640593A3}"
EndProject
Project("{FAE04EC0-301F-11D3-BF4B-00C04F79EFBC}") = "Collections", "Collections\Collections.csproj", "{AC552BA9-4280-4D05-B209-FFAD4F301F09}"
EndProject
Project("{FAE04EC0-301F-11D3-BF4B-00C04F79EFBC}") = "GenericsIntro", "Generics\GenericsIntro.csproj", "{2686DDE8-D382-4F0D-87D2-7AC816A1CA59}"
EndProject
Project("{FAE04EC0-301F-11D3-BF4B-00C04F79EFBC}") = "Oop2", "Oop2\Oop2.csproj", "{E022684A-2488-4CB7-8C94-A6C2D313E0BF}"
EndProject
Project("{FAE04EC0-301F-11D3-BF4B-00C04F79EFBC}") = "OOP3", "OOP3\OOP3.csproj", "{42E3C218-1684-4474-BB0F-73336576C87E}"
EndProject
Global
	GlobalSection(SolutionConfigurationPlatforms) = preSolution
		Debug|Any CPU = Debug|Any CPU
		Release|Any CPU = Release|Any CPU
	EndGlobalSection
	GlobalSection(ProjectConfigurationPlatforms) = postSolution
		{F11A27B1-4861-467B-8E9D-19B37364BE46}.Debug|Any CPU.ActiveCfg = Debug|Any CPU
		{F11A27B1-4861-467B-8E9D-19B37364BE46}.Debug|Any CPU.Build.0 = Debug|Any CPU
		{F11A27B1-4861-467B-8E9D-19B37364BE46}.Release|Any CPU.ActiveCfg = Release|Any CPU
		{F11A27B1-4861-467B-8E9D-19B37364BE46}.Release|Any CPU.Build.0 = Release|Any CPU
		{ABA4FC01-ECF6-47BE-AA94-132829C81D55}.Debug|Any CPU.ActiveCfg = Debug|Any CPU
		{ABA4FC01-ECF6-47BE-AA94-132829C81D55}.Debug|Any CPU.Build.0 = Debug|Any CPU
		{ABA4FC01-ECF6-47BE-AA94-132829C81D55}.Release|Any CPU.ActiveCfg = Release|Any CPU
		{ABA4FC01-ECF6-47BE-AA94-132829C81D55}.Release|Any CPU.Build.0 = Release|Any CPU
		{0A618434-1AF8-44B3-9CD9-FA06E5E7A03F}.Debug|Any CPU.ActiveCfg = Debug|Any CPU
		{0A618434-1AF8-44B3-9CD9-FA06E5E7A03F}.Debug|Any CPU.Build.0 = Debug|Any CPU
		{0A618434-1AF8-44B3-9CD9-FA06E5E7A03F}.Release|Any CPU.ActiveCfg = Release|Any CPU
		{0A618434-1AF8-44B3-9CD9-FA06E5E7A03F}.Release|Any CPU.Build.0 = Release|Any CPU
		{64DF1AB7-F512-43B8-A9E7-2FF1640593A3}.Debug|Any CPU.ActiveCfg = Debug|Any CPU
		{64DF1AB7-F512-43B8-A9E7-2FF1640593A3}.Debug|Any CPU.Build.0 = Debug|Any CPU
		{64DF1AB7-F512-43B8-A9E7-2FF1640593A3}.Release|Any CPU.ActiveCfg = Release|Any CPU
		{64DF1AB7-F512-43B8-A9E7-2FF1640593A3}.Release|Any CPU.Build.0 = Release|Any CPU
		{AC552BA9-4280-4D05-B209-FFAD4F301F09}.Debug|Any CPU.ActiveCfg = Debug|Any CPU
		{AC552BA9-4280-4D05-B209-FFAD4F301F09}.Debug|Any CPU.Build.0 = Debug|Any CPU
		{AC552BA9-4280-4D05-B209-FFAD4F301F09}.Release|Any CPU.ActiveCfg = Release|Any CPU
		{AC552BA9-4280-4D05-B209-FFAD4F301F09}.Release|Any CPU.Build.0 = Release|Any CPU
		{2686DDE8-D382-4F0D-87D2-7AC816A1CA59}.Debug|Any CPU.ActiveCfg = Debug|Any CPU
		{2686DDE8-D382-4F0D-87D2-7AC816A1CA59}.Debug|Any CPU.Build.0 = Debug|Any CPU
		{2686DDE8-D382-4F0D-87D2-7AC816A1CA59}.Release|Any CPU.ActiveCfg = Release|Any CPU
		{2686DDE8-D382-4F0D-87D2-7AC816A1CA59}.Release|Any CPU.Build.0 = Release|Any CPU
		{E022684A-2488-4CB7-8C94-A6C2D313E0BF}.Debug|Any CPU.ActiveCfg = Debug|Any CPU
		{E022684A-2488-4CB7-8C94-A6C2D313E0BF}.Debug|Any CPU.Build.0 = Debug|Any CPU
		{E022684A-2488-4CB7-8C94-A6C2D313E0BF}.Release|Any CPU.ActiveCfg = Release|Any CPU
		{E022684A-2488-4CB7-8C94-A6C2D313E0BF}.Release|Any CPU.Build.0 = Release|Any CPU
		{42E3C218-1684-4474-BB0F-73336576C87E}.Debug|Any CPU.ActiveCfg = Debug|Any CPU
		{42E3C218-1684-4474-BB0F-73336576C87E}.Debug|Any CPU.Build.0 = Debug|Any CPU
		{42E3C218-1684-4474-BB0F-73336576C87E}.Release|Any CPU.ActiveCfg = Release|Any CPU
		{42E3C218-1684-4474-BB0F-73336576C87E}.Release|Any CPU.Build.0 = Release|Any CPU
	EndGlobalSection
	GlobalSection(SolutionProperties) = preSolution
		HideSolutionNode = FALSE
	EndGlobalSection
	GlobalSection(ExtensibilityGlobals) = postSolution
		SolutionGuid = {A7AAF1C1-FA1D-4177-AB0A-A8712484714A}
	EndGlobalSection
EndGlobal
